
Microsoft Visual Studio Solution File, Format Version 12.00
# Visual Studio Version 16
VisualStudioVersion = 16.0.28922.388
MinimumVisualStudioVersion = 10.0.40219.1
Project("{FAE04EC0-301F-11D3-BF4B-00C04F79EFBC}") = "Loyality", "Loyality\Loyality.csproj", "{F04FBB24-D0F9-49A1-AC35-623072D3BC5E}"
EndProject
Project("{2150E333-8FDC-42A3-9474-1A3956D46DE8}") = "Domain", "Domain", "{B2965442-5CCD-436D-B7D8-64E0CFB5D821}"
EndProject
Project("{FAE04EC0-301F-11D3-BF4B-00C04F79EFBC}") = "POCOModels", "POCOModels\POCOModels.csproj", "{CE2EB1E9-D46D-4FE5-95BB-BCC7EF69E2A7}"
EndProject
Project("{2150E333-8FDC-42A3-9474-1A3956D46DE8}") = "Controllers", "Controllers", "{38FA3227-F742-47A6-8A72-4403E453F905}"
EndProject
Project("{FAE04EC0-301F-11D3-BF4B-00C04F79EFBC}") = "AuthControllersLibrary", "AuthControllersLibrary\AuthControllersLibrary.csproj", "{413D59D0-5813-4EB4-9940-640E33067704}"
EndProject
Global
	GlobalSection(SolutionConfigurationPlatforms) = preSolution
		Debug|Any CPU = Debug|Any CPU
		Release|Any CPU = Release|Any CPU
	EndGlobalSection
	GlobalSection(ProjectConfigurationPlatforms) = postSolution
		{F04FBB24-D0F9-49A1-AC35-623072D3BC5E}.Debug|Any CPU.ActiveCfg = Debug|Any CPU
		{F04FBB24-D0F9-49A1-AC35-623072D3BC5E}.Debug|Any CPU.Build.0 = Debug|Any CPU
		{F04FBB24-D0F9-49A1-AC35-623072D3BC5E}.Release|Any CPU.ActiveCfg = Release|Any CPU
		{F04FBB24-D0F9-49A1-AC35-623072D3BC5E}.Release|Any CPU.Build.0 = Release|Any CPU
		{CE2EB1E9-D46D-4FE5-95BB-BCC7EF69E2A7}.Debug|Any CPU.ActiveCfg = Debug|Any CPU
		{CE2EB1E9-D46D-4FE5-95BB-BCC7EF69E2A7}.Debug|Any CPU.Build.0 = Debug|Any CPU
		{CE2EB1E9-D46D-4FE5-95BB-BCC7EF69E2A7}.Release|Any CPU.ActiveCfg = Release|Any CPU
		{CE2EB1E9-D46D-4FE5-95BB-BCC7EF69E2A7}.Release|Any CPU.Build.0 = Release|Any CPU
		{413D59D0-5813-4EB4-9940-640E33067704}.Debug|Any CPU.ActiveCfg = Debug|Any CPU
		{413D59D0-5813-4EB4-9940-640E33067704}.Debug|Any CPU.Build.0 = Debug|Any CPU
		{413D59D0-5813-4EB4-9940-640E33067704}.Release|Any CPU.ActiveCfg = Release|Any CPU
		{413D59D0-5813-4EB4-9940-640E33067704}.Release|Any CPU.Build.0 = Release|Any CPU
	EndGlobalSection
	GlobalSection(SolutionProperties) = preSolution
		HideSolutionNode = FALSE
	EndGlobalSection
	GlobalSection(NestedProjects) = preSolution
		{CE2EB1E9-D46D-4FE5-95BB-BCC7EF69E2A7} = {B2965442-5CCD-436D-B7D8-64E0CFB5D821}
		{413D59D0-5813-4EB4-9940-640E33067704} = {38FA3227-F742-47A6-8A72-4403E453F905}
	EndGlobalSection
	GlobalSection(ExtensibilityGlobals) = postSolution
		SolutionGuid = {705447CB-0F29-4787-94F9-BB28D897AE16}
	EndGlobalSection
EndGlobal
